
Microsoft Visual Studio Solution File, Format Version 12.00
# Visual Studio Version 16
VisualStudioVersion = 16.0.31624.102
MinimumVisualStudioVersion = 10.0.40219.1
Project("{FAE04EC0-301F-11D3-BF4B-00C04F79EFBC}") = "K1", "K1.csproj", "{7DDE346E-AE29-4F68-A1AE-1C224B6836BC}"
EndProject
Global
	GlobalSection(SolutionConfigurationPlatforms) = preSolution
		Debug|Any CPU = Debug|Any CPU
		Release|Any CPU = Release|Any CPU
	EndGlobalSection
	GlobalSection(ProjectConfigurationPlatforms) = postSolution
		{7DDE346E-AE29-4F68-A1AE-1C224B6836BC}.Debug|Any CPU.ActiveCfg = Debug|Any CPU
		{7DDE346E-AE29-4F68-A1AE-1C224B6836BC}.Debug|Any CPU.Build.0 = Debug|Any CPU
		{7DDE346E-AE29-4F68-A1AE-1C224B6836BC}.Release|Any CPU.ActiveCfg = Release|Any CPU
		{7DDE346E-AE29-4F68-A1AE-1C224B6836BC}.Release|Any CPU.Build.0 = Release|Any CPU
	EndGlobalSection
	GlobalSection(SolutionProperties) = preSolution
		HideSolutionNode = FALSE
	EndGlobalSection
	GlobalSection(ExtensibilityGlobals) = postSolution
		SolutionGuid = {0CDF7B5D-60DB-488B-9B89-D4F5554BBA05}
	EndGlobalSection
EndGlobal
