
Microsoft Visual Studio Solution File, Format Version 12.00
# Visual Studio Version 16
VisualStudioVersion = 16.0.31624.102
MinimumVisualStudioVersion = 10.0.40219.1
Project("{9A19103F-16F7-4668-BE54-9A1E7A4F7556}") = "Lab01", "Lab01\Lab01.csproj", "{9AA1D1C9-4495-450F-B032-8FAD856B250A}"
EndProject
Project("{FAE04EC0-301F-11D3-BF4B-00C04F79EFBC}") = "L1.Sav1", "L1.Sav1\L1.Sav1.csproj", "{0E494C95-514F-4838-99F4-5DAF8CB86B3F}"
EndProject
Global
	GlobalSection(SolutionConfigurationPlatforms) = preSolution
		Debug|Any CPU = Debug|Any CPU
		Release|Any CPU = Release|Any CPU
	EndGlobalSection
	GlobalSection(ProjectConfigurationPlatforms) = postSolution
		{9AA1D1C9-4495-450F-B032-8FAD856B250A}.Debug|Any CPU.ActiveCfg = Debug|Any CPU
		{9AA1D1C9-4495-450F-B032-8FAD856B250A}.Debug|Any CPU.Build.0 = Debug|Any CPU
		{9AA1D1C9-4495-450F-B032-8FAD856B250A}.Release|Any CPU.ActiveCfg = Release|Any CPU
		{9AA1D1C9-4495-450F-B032-8FAD856B250A}.Release|Any CPU.Build.0 = Release|Any CPU
		{0E494C95-514F-4838-99F4-5DAF8CB86B3F}.Debug|Any CPU.ActiveCfg = Debug|Any CPU
		{0E494C95-514F-4838-99F4-5DAF8CB86B3F}.Debug|Any CPU.Build.0 = Debug|Any CPU
		{0E494C95-514F-4838-99F4-5DAF8CB86B3F}.Release|Any CPU.ActiveCfg = Release|Any CPU
		{0E494C95-514F-4838-99F4-5DAF8CB86B3F}.Release|Any CPU.Build.0 = Release|Any CPU
	EndGlobalSection
	GlobalSection(SolutionProperties) = preSolution
		HideSolutionNode = FALSE
	EndGlobalSection
	GlobalSection(ExtensibilityGlobals) = postSolution
		SolutionGuid = {171EEE07-8ECD-4A58-B154-96615CA46FFD}
	EndGlobalSection
EndGlobal
